
Microsoft Visual Studio Solution File, Format Version 12.00
# Visual Studio Version 17
VisualStudioVersion = 17.10.35013.160
MinimumVisualStudioVersion = 10.0.40219.1
Project("{FAE04EC0-301F-11D3-BF4B-00C04F79EFBC}") = "Hayvanat_Bahçesi_Proje", "Hayvanat_Bahçesi_Proje\Hayvanat_Bahçesi_Proje.csproj", "{F8B3D63B-B629-431D-B2D3-62A04996C495}"
EndProject
Global
	GlobalSection(SolutionConfigurationPlatforms) = preSolution
		Debug|Any CPU = Debug|Any CPU
		Release|Any CPU = Release|Any CPU
	EndGlobalSection
	GlobalSection(ProjectConfigurationPlatforms) = postSolution
		{F8B3D63B-B629-431D-B2D3-62A04996C495}.Debug|Any CPU.ActiveCfg = Debug|Any CPU
		{F8B3D63B-B629-431D-B2D3-62A04996C495}.Debug|Any CPU.Build.0 = Debug|Any CPU
		{F8B3D63B-B629-431D-B2D3-62A04996C495}.Release|Any CPU.ActiveCfg = Release|Any CPU
		{F8B3D63B-B629-431D-B2D3-62A04996C495}.Release|Any CPU.Build.0 = Release|Any CPU
	EndGlobalSection
	GlobalSection(SolutionProperties) = preSolution
		HideSolutionNode = FALSE
	EndGlobalSection
	GlobalSection(ExtensibilityGlobals) = postSolution
		SolutionGuid = {A5442B91-EF00-4AF2-AA5D-72FBA0DBF697}
	EndGlobalSection
EndGlobal
